
Microsoft Visual Studio Solution File, Format Version 12.00
# Visual Studio Version 17
VisualStudioVersion = 17.2.32602.215
MinimumVisualStudioVersion = 10.0.40219.1
Project("{2150E333-8FDC-42A3-9474-1A3956D46DE8}") = "Composites", "Composites", "{DC9F874F-A052-4B42-8F8A-2757BD50BB8C}"
EndProject
Project("{9A19103F-16F7-4668-BE54-9A1E7A4F7556}") = "Composite.GeometricShapes", "Composite.GeometricShapes\Composite.GeometricShapes.csproj", "{4CF06D89-89DA-473E-A46E-4BDE3B9A12C8}"
EndProject
Project("{9A19103F-16F7-4668-BE54-9A1E7A4F7556}") = "Composite.NeuralNetworks", "Composite.NeuralNetworks\Composite.NeuralNetworks.csproj", "{C0901312-CC1E-4B13-A0FA-9346A24BE3D5}"
EndProject
Project("{2150E333-8FDC-42A3-9474-1A3956D46DE8}") = "Decorators", "Decorators", "{CF5115C8-817F-4287-9D68-2A014DBDE793}"
EndProject
Project("{9A19103F-16F7-4668-BE54-9A1E7A4F7556}") = "Decorator.CodeBuilder", "Decorator.CodeBuilder\Decorator.CodeBuilder.csproj", "{D5B60341-0094-4854-BBC4-F8D772BD93F1}"
EndProject
Project("{9A19103F-16F7-4668-BE54-9A1E7A4F7556}") = "Decorator.AdapterDecorator", "Decorator.AdapterDecorator\Decorator.AdapterDecorator.csproj", "{649F90B4-3BFF-4CBC-B9CC-F3957A5C3730}"
EndProject
Project("{9A19103F-16F7-4668-BE54-9A1E7A4F7556}") = "Decorator.MultipleInheritance", "Decorator.MultipleInheritance\Decorator.MultipleInheritance.csproj", "{CBF1F968-224D-4737-92B5-A02CB8D2BA83}"
EndProject
Project("{9A19103F-16F7-4668-BE54-9A1E7A4F7556}") = "Decorator.DynamicComposition", "Decorator.DynamicComposition\Decorator.DynamicComposition.csproj", "{4E8EABA1-B7CE-4258-A162-14BF995CCE13}"
EndProject
Project("{9A19103F-16F7-4668-BE54-9A1E7A4F7556}") = "Decorator.CycleDetection", "Decorator.CycleDetection\Decorator.CycleDetection.csproj", "{A009851C-3E37-479F-A417-70E4EADC2DFE}"
EndProject
Project("{9A19103F-16F7-4668-BE54-9A1E7A4F7556}") = "Decorator.DependencyInjection", "Decorator.DependencyInjection\Decorator.DependencyInjection.csproj", "{4729282A-65C8-45A0-A0C6-FDD91EA5532B}"
EndProject
Project("{2150E333-8FDC-42A3-9474-1A3956D46DE8}") = "Flyweights", "Flyweights", "{1F6C60BE-CCB7-47D6-98F4-27012B09BE74}"
EndProject
Project("{9A19103F-16F7-4668-BE54-9A1E7A4F7556}") = "Flyweight", "Flyweight\Flyweight.csproj", "{5034B1B5-B908-4120-B7CA-84D75CF53057}"
EndProject
Project("{9A19103F-16F7-4668-BE54-9A1E7A4F7556}") = "Flyweight.UnitTests", "Flyweight.UnitTests\Flyweight.UnitTests.csproj", "{061BB45A-DD9D-4933-A80B-B4343D1BCEF6}"
EndProject
Project("{9A19103F-16F7-4668-BE54-9A1E7A4F7556}") = "Flyweight.TextFormatting", "Flyweight.TextFormatting\Flyweight.TextFormatting.csproj", "{7C35775C-EDCF-405D-8B7C-57259DB73EAD}"
EndProject
Project("{2150E333-8FDC-42A3-9474-1A3956D46DE8}") = "Proxies", "Proxies", "{077ACCFA-9340-4B62-9A85-3362B8D9744D}"
EndProject
Project("{FAE04EC0-301F-11D3-BF4B-00C04F79EFBC}") = "Proxy.Protection", "Proxy.Protection\Proxy.Protection.csproj", "{79547B17-B3CF-4E72-B875-6B7583566D0D}"
EndProject
Project("{FAE04EC0-301F-11D3-BF4B-00C04F79EFBC}") = "Proxy.Property", "Proxy.Property\Proxy.Property.csproj", "{5441621E-D7FF-4B7A-9F82-A8B5EDE89BBF}"
EndProject
Project("{FAE04EC0-301F-11D3-BF4B-00C04F79EFBC}") = "Proxy.Value", "Proxy.Value\Proxy.Value.csproj", "{18444E95-4B5F-44DD-9FD2-019661973CC4}"
EndProject
Project("{FAE04EC0-301F-11D3-BF4B-00C04F79EFBC}") = "Proxy.SoAComposite", "Proxy.SoAComposite\Proxy.SoAComposite.csproj", "{69DB43B0-E016-47EC-9440-1E71FE1FC7E6}"
EndProject
Project("{FAE04EC0-301F-11D3-BF4B-00C04F79EFBC}") = "Proxy.Dynamic", "Proxy.Dynamic\Proxy.Dynamic.csproj", "{8BD6381D-C339-46FB-BFD2-FEA72C27A4BA}"
EndProject
Project("{FAE04EC0-301F-11D3-BF4B-00C04F79EFBC}") = "Proxy.ViewModel", "Proxy.ViewModel\Proxy.ViewModel.csproj", "{7527C914-79F6-4F70-9B28-4732B154281F}"
EndProject
Global
	GlobalSection(SolutionConfigurationPlatforms) = preSolution
		Debug|Any CPU = Debug|Any CPU
		Release|Any CPU = Release|Any CPU
	EndGlobalSection
	GlobalSection(ProjectConfigurationPlatforms) = postSolution
		{4CF06D89-89DA-473E-A46E-4BDE3B9A12C8}.Debug|Any CPU.ActiveCfg = Debug|Any CPU
		{4CF06D89-89DA-473E-A46E-4BDE3B9A12C8}.Debug|Any CPU.Build.0 = Debug|Any CPU
		{4CF06D89-89DA-473E-A46E-4BDE3B9A12C8}.Release|Any CPU.ActiveCfg = Release|Any CPU
		{4CF06D89-89DA-473E-A46E-4BDE3B9A12C8}.Release|Any CPU.Build.0 = Release|Any CPU
		{C0901312-CC1E-4B13-A0FA-9346A24BE3D5}.Debug|Any CPU.ActiveCfg = Debug|Any CPU
		{C0901312-CC1E-4B13-A0FA-9346A24BE3D5}.Debug|Any CPU.Build.0 = Debug|Any CPU
		{C0901312-CC1E-4B13-A0FA-9346A24BE3D5}.Release|Any CPU.ActiveCfg = Release|Any CPU
		{C0901312-CC1E-4B13-A0FA-9346A24BE3D5}.Release|Any CPU.Build.0 = Release|Any CPU
		{D5B60341-0094-4854-BBC4-F8D772BD93F1}.Debug|Any CPU.ActiveCfg = Debug|Any CPU
		{D5B60341-0094-4854-BBC4-F8D772BD93F1}.Debug|Any CPU.Build.0 = Debug|Any CPU
		{D5B60341-0094-4854-BBC4-F8D772BD93F1}.Release|Any CPU.ActiveCfg = Release|Any CPU
		{D5B60341-0094-4854-BBC4-F8D772BD93F1}.Release|Any CPU.Build.0 = Release|Any CPU
		{649F90B4-3BFF-4CBC-B9CC-F3957A5C3730}.Debug|Any CPU.ActiveCfg = Debug|Any CPU
		{649F90B4-3BFF-4CBC-B9CC-F3957A5C3730}.Debug|Any CPU.Build.0 = Debug|Any CPU
		{649F90B4-3BFF-4CBC-B9CC-F3957A5C3730}.Release|Any CPU.ActiveCfg = Release|Any CPU
		{649F90B4-3BFF-4CBC-B9CC-F3957A5C3730}.Release|Any CPU.Build.0 = Release|Any CPU
		{CBF1F968-224D-4737-92B5-A02CB8D2BA83}.Debug|Any CPU.ActiveCfg = Debug|Any CPU
		{CBF1F968-224D-4737-92B5-A02CB8D2BA83}.Debug|Any CPU.Build.0 = Debug|Any CPU
		{CBF1F968-224D-4737-92B5-A02CB8D2BA83}.Release|Any CPU.ActiveCfg = Release|Any CPU
		{CBF1F968-224D-4737-92B5-A02CB8D2BA83}.Release|Any CPU.Build.0 = Release|Any CPU
		{4E8EABA1-B7CE-4258-A162-14BF995CCE13}.Debug|Any CPU.ActiveCfg = Debug|Any CPU
		{4E8EABA1-B7CE-4258-A162-14BF995CCE13}.Debug|Any CPU.Build.0 = Debug|Any CPU
		{4E8EABA1-B7CE-4258-A162-14BF995CCE13}.Release|Any CPU.ActiveCfg = Release|Any CPU
		{4E8EABA1-B7CE-4258-A162-14BF995CCE13}.Release|Any CPU.Build.0 = Release|Any CPU
		{A009851C-3E37-479F-A417-70E4EADC2DFE}.Debug|Any CPU.ActiveCfg = Debug|Any CPU
		{A009851C-3E37-479F-A417-70E4EADC2DFE}.Debug|Any CPU.Build.0 = Debug|Any CPU
		{A009851C-3E37-479F-A417-70E4EADC2DFE}.Release|Any CPU.ActiveCfg = Release|Any CPU
		{A009851C-3E37-479F-A417-70E4EADC2DFE}.Release|Any CPU.Build.0 = Release|Any CPU
		{4729282A-65C8-45A0-A0C6-FDD91EA5532B}.Debug|Any CPU.ActiveCfg = Debug|Any CPU
		{4729282A-65C8-45A0-A0C6-FDD91EA5532B}.Debug|Any CPU.Build.0 = Debug|Any CPU
		{4729282A-65C8-45A0-A0C6-FDD91EA5532B}.Release|Any CPU.ActiveCfg = Release|Any CPU
		{4729282A-65C8-45A0-A0C6-FDD91EA5532B}.Release|Any CPU.Build.0 = Release|Any CPU
		{5034B1B5-B908-4120-B7CA-84D75CF53057}.Debug|Any CPU.ActiveCfg = Debug|Any CPU
		{5034B1B5-B908-4120-B7CA-84D75CF53057}.Debug|Any CPU.Build.0 = Debug|Any CPU
		{5034B1B5-B908-4120-B7CA-84D75CF53057}.Release|Any CPU.ActiveCfg = Release|Any CPU
		{5034B1B5-B908-4120-B7CA-84D75CF53057}.Release|Any CPU.Build.0 = Release|Any CPU
		{061BB45A-DD9D-4933-A80B-B4343D1BCEF6}.Debug|Any CPU.ActiveCfg = Debug|Any CPU
		{061BB45A-DD9D-4933-A80B-B4343D1BCEF6}.Debug|Any CPU.Build.0 = Debug|Any CPU
		{061BB45A-DD9D-4933-A80B-B4343D1BCEF6}.Release|Any CPU.ActiveCfg = Release|Any CPU
		{061BB45A-DD9D-4933-A80B-B4343D1BCEF6}.Release|Any CPU.Build.0 = Release|Any CPU
		{7C35775C-EDCF-405D-8B7C-57259DB73EAD}.Debug|Any CPU.ActiveCfg = Debug|Any CPU
		{7C35775C-EDCF-405D-8B7C-57259DB73EAD}.Debug|Any CPU.Build.0 = Debug|Any CPU
		{7C35775C-EDCF-405D-8B7C-57259DB73EAD}.Release|Any CPU.ActiveCfg = Release|Any CPU
		{7C35775C-EDCF-405D-8B7C-57259DB73EAD}.Release|Any CPU.Build.0 = Release|Any CPU
		{79547B17-B3CF-4E72-B875-6B7583566D0D}.Debug|Any CPU.ActiveCfg = Debug|Any CPU
		{79547B17-B3CF-4E72-B875-6B7583566D0D}.Debug|Any CPU.Build.0 = Debug|Any CPU
		{79547B17-B3CF-4E72-B875-6B7583566D0D}.Release|Any CPU.ActiveCfg = Release|Any CPU
		{79547B17-B3CF-4E72-B875-6B7583566D0D}.Release|Any CPU.Build.0 = Release|Any CPU
		{5441621E-D7FF-4B7A-9F82-A8B5EDE89BBF}.Debug|Any CPU.ActiveCfg = Debug|Any CPU
		{5441621E-D7FF-4B7A-9F82-A8B5EDE89BBF}.Debug|Any CPU.Build.0 = Debug|Any CPU
		{5441621E-D7FF-4B7A-9F82-A8B5EDE89BBF}.Release|Any CPU.ActiveCfg = Release|Any CPU
		{5441621E-D7FF-4B7A-9F82-A8B5EDE89BBF}.Release|Any CPU.Build.0 = Release|Any CPU
		{18444E95-4B5F-44DD-9FD2-019661973CC4}.Debug|Any CPU.ActiveCfg = Debug|Any CPU
		{18444E95-4B5F-44DD-9FD2-019661973CC4}.Debug|Any CPU.Build.0 = Debug|Any CPU
		{18444E95-4B5F-44DD-9FD2-019661973CC4}.Release|Any CPU.ActiveCfg = Release|Any CPU
		{18444E95-4B5F-44DD-9FD2-019661973CC4}.Release|Any CPU.Build.0 = Release|Any CPU
		{69DB43B0-E016-47EC-9440-1E71FE1FC7E6}.Debug|Any CPU.ActiveCfg = Debug|Any CPU
		{69DB43B0-E016-47EC-9440-1E71FE1FC7E6}.Debug|Any CPU.Build.0 = Debug|Any CPU
		{69DB43B0-E016-47EC-9440-1E71FE1FC7E6}.Release|Any CPU.ActiveCfg = Release|Any CPU
		{69DB43B0-E016-47EC-9440-1E71FE1FC7E6}.Release|Any CPU.Build.0 = Release|Any CPU
		{8BD6381D-C339-46FB-BFD2-FEA72C27A4BA}.Debug|Any CPU.ActiveCfg = Debug|Any CPU
		{8BD6381D-C339-46FB-BFD2-FEA72C27A4BA}.Debug|Any CPU.Build.0 = Debug|Any CPU
		{8BD6381D-C339-46FB-BFD2-FEA72C27A4BA}.Release|Any CPU.ActiveCfg = Release|Any CPU
		{8BD6381D-C339-46FB-BFD2-FEA72C27A4BA}.Release|Any CPU.Build.0 = Release|Any CPU
		{7527C914-79F6-4F70-9B28-4732B154281F}.Debug|Any CPU.ActiveCfg = Debug|Any CPU
		{7527C914-79F6-4F70-9B28-4732B154281F}.Debug|Any CPU.Build.0 = Debug|Any CPU
		{7527C914-79F6-4F70-9B28-4732B154281F}.Release|Any CPU.ActiveCfg = Release|Any CPU
		{7527C914-79F6-4F70-9B28-4732B154281F}.Release|Any CPU.Build.0 = Release|Any CPU
	EndGlobalSection
	GlobalSection(SolutionProperties) = preSolution
		HideSolutionNode = FALSE
	EndGlobalSection
	GlobalSection(NestedProjects) = preSolution
		{4CF06D89-89DA-473E-A46E-4BDE3B9A12C8} = {DC9F874F-A052-4B42-8F8A-2757BD50BB8C}
		{C0901312-CC1E-4B13-A0FA-9346A24BE3D5} = {DC9F874F-A052-4B42-8F8A-2757BD50BB8C}
		{D5B60341-0094-4854-BBC4-F8D772BD93F1} = {CF5115C8-817F-4287-9D68-2A014DBDE793}
		{649F90B4-3BFF-4CBC-B9CC-F3957A5C3730} = {CF5115C8-817F-4287-9D68-2A014DBDE793}
		{CBF1F968-224D-4737-92B5-A02CB8D2BA83} = {CF5115C8-817F-4287-9D68-2A014DBDE793}
		{4E8EABA1-B7CE-4258-A162-14BF995CCE13} = {CF5115C8-817F-4287-9D68-2A014DBDE793}
		{A009851C-3E37-479F-A417-70E4EADC2DFE} = {CF5115C8-817F-4287-9D68-2A014DBDE793}
		{4729282A-65C8-45A0-A0C6-FDD91EA5532B} = {CF5115C8-817F-4287-9D68-2A014DBDE793}
		{5034B1B5-B908-4120-B7CA-84D75CF53057} = {1F6C60BE-CCB7-47D6-98F4-27012B09BE74}
		{061BB45A-DD9D-4933-A80B-B4343D1BCEF6} = {1F6C60BE-CCB7-47D6-98F4-27012B09BE74}
		{7C35775C-EDCF-405D-8B7C-57259DB73EAD} = {1F6C60BE-CCB7-47D6-98F4-27012B09BE74}
		{79547B17-B3CF-4E72-B875-6B7583566D0D} = {077ACCFA-9340-4B62-9A85-3362B8D9744D}
		{5441621E-D7FF-4B7A-9F82-A8B5EDE89BBF} = {077ACCFA-9340-4B62-9A85-3362B8D9744D}
		{18444E95-4B5F-44DD-9FD2-019661973CC4} = {077ACCFA-9340-4B62-9A85-3362B8D9744D}
		{69DB43B0-E016-47EC-9440-1E71FE1FC7E6} = {077ACCFA-9340-4B62-9A85-3362B8D9744D}
		{8BD6381D-C339-46FB-BFD2-FEA72C27A4BA} = {077ACCFA-9340-4B62-9A85-3362B8D9744D}
		{7527C914-79F6-4F70-9B28-4732B154281F} = {077ACCFA-9340-4B62-9A85-3362B8D9744D}
	EndGlobalSection
	GlobalSection(ExtensibilityGlobals) = postSolution
		SolutionGuid = {792AB842-A42A-401B-A790-1B395F2D2C7C}
	EndGlobalSection
EndGlobal
